# Phase 1 Lock File
## RAG Knowledge Base with Chat Interface

**Locked**: 2024-01-19
**Phase**: RESEARCH ARCHITECTURE (Phase 1)
**Status**: COMPLETE

---

# Lock Verification

## Context Hash Chain
- PRD.md: 6f640fad4298146ba2f1f71a0577dc1d7ab850d3dce5ba4d474b2aa411b5836f
- CONTEXT.md: (created in Phase 0.1)
- OBJECTIVE_KERNEL.yaml: (approved in Phase 0.2)
- global_instructions.md: 0f61ec545da035258a2f8559e055915c0d8bc00c21ae077894aece3b6cc0d6dc
- REFINED_RESEARCH_PLAN.yaml: (locked in this phase)

## Flags Present
- [x] .phase_0_0.APPROVED.flag
- [x] .phase_0_1.VALID.flag
- [x] .phase_0_2.APPROVED.flag
- [x] .phase_0_4.APPROVED.flag
- [x] .phase_1_1.COMPLETE.flag
- [x] .phase_1_2.COMPLETE.flag
- [x] .phase_1_3.COMPLETE.flag (this file)

---

# Research Plan Summary

## Total Sessions: 12

| Domain | Sessions | Model | Status |
|--------|----------|-------|--------|
| DOCS | 1.1-1.3 | Claude Opus | PENDING |
| PRIOR | 2.1-2.3 | Claude Sonnet | PENDING |
| STACK | 3.1-3.3 | Claude Sonnet | PENDING |
| CODEBASE | 4.1-4.3 | Claude Sonnet | PENDING |

## Execution Waves

### Wave 1: Foundation (Week 1)
- Session 1.1: RAG Architecture Patterns
- Session 1.2: Multi-Format File Parsing
- Session 2.1: FastAPI Best Practices

**Dependencies**: None (can run in parallel)

### Wave 2: Backend Core (Week 2)
- Session 2.2: Celery for Background Ingestion
- Session 2.3: PostgreSQL + pgvector Integration
- Session 3.3: OpenAI API Integration

**Dependencies**: Wave 1 complete

### Wave 3: Frontend (Week 3)
- Session 3.1: React + TypeScript Patterns
- Session 3.2: Docker Compose Development Environment
- Session 4.2: Authentication & Security

**Dependencies**: Wave 2 complete

### Wave 4: Quality & Security (Week 4)
- Session 1.3: RAG Evaluation & Testing
- Session 4.1: Testing Strategy
- Session 4.3: File Upload Security

**Dependencies**: Wave 3 complete

---

# Gate Criteria Verification

## Phase 1 Entry Gates
- [x] PRD.md approved by user
- [x] CONTEXT.md validated
- [x] OBJECTIVE_KERNEL.yaml approved
- [x] global_instructions.md generated

## Phase 1 Exit Gates
- [x] REFINED_RESEARCH_PLAN.yaml exists
- [x] Exactly 12 sessions proposed
- [x] All 4 domains covered (DOCS, PRIOR, STACK, CODEBASE)
- [x] Models assigned to sessions
- [x] Execution waves defined
- [x] Context hash verified

---

# Next Phase

Proceed to **Phase 2: Research Execution**

Phase 2 will execute the 12 research sessions in the defined waves.
Each session produces a markdown file in RESEARCH/{domain}/ directory.

---

**LOCK INTEGRITY**: This file certifies that Phase 1 is complete and the
research plan is locked. Any changes to REFINED_RESEARCH_PLAN.yaml require
Phase 1 restart.
